
Microsoft Visual Studio Solution File, Format Version 12.00
# Visual Studio Version 17
VisualStudioVersion = 17.7.34024.191
MinimumVisualStudioVersion = 10.0.40219.1
Project("{F184B08F-C81C-45F6-A57F-5ABD9991F28F}") = "Zip_Process", "Zip_Process.vbproj", "{8A567C85-4585-4231-ABA3-6DD780AB08B7}"
EndProject
Global
	GlobalSection(SolutionConfigurationPlatforms) = preSolution
		Debug|Any CPU = Debug|Any CPU
		Release|Any CPU = Release|Any CPU
	EndGlobalSection
	GlobalSection(ProjectConfigurationPlatforms) = postSolution
		{8A567C85-4585-4231-ABA3-6DD780AB08B7}.Debug|Any CPU.ActiveCfg = Debug|Any CPU
		{8A567C85-4585-4231-ABA3-6DD780AB08B7}.Debug|Any CPU.Build.0 = Debug|Any CPU
		{8A567C85-4585-4231-ABA3-6DD780AB08B7}.Release|Any CPU.ActiveCfg = Release|Any CPU
		{8A567C85-4585-4231-ABA3-6DD780AB08B7}.Release|Any CPU.Build.0 = Release|Any CPU
	EndGlobalSection
	GlobalSection(SolutionProperties) = preSolution
		HideSolutionNode = FALSE
	EndGlobalSection
	GlobalSection(ExtensibilityGlobals) = postSolution
		SolutionGuid = {A696EADC-C0FD-4891-B6E2-536BD470B9FB}
	EndGlobalSection
EndGlobal
